
Microsoft Visual Studio Solution File, Format Version 12.00
# Visual Studio Version 17
VisualStudioVersion = 17.11.35327.3
MinimumVisualStudioVersion = 10.0.40219.1
Project("{9A19103F-16F7-4668-BE54-9A1E7A4F7556}") = "Maui2JS", "Maui2JS\Maui2JS.csproj", "{E8552A9A-B249-4E97-BB75-C37CA6FEC764}"
EndProject
Project("{9A19103F-16F7-4668-BE54-9A1E7A4F7556}") = "Maui2JS.Demo", "Maui2JS.Demo\Maui2JS.Demo.csproj", "{54E82D5D-F5D7-4F40-9223-B58C0272A121}"
EndProject
Project("{2150E333-8FDC-42A3-9474-1A3956D46DE8}") = "Solution Items", "Solution Items", "{D028DF28-007F-43E4-A37B-4CE794B10CD3}"
	ProjectSection(SolutionItems) = preProject
		..\docs\GeoLocation.md = ..\docs\GeoLocation.md
		..\LICENSE.txt = ..\LICENSE.txt
		..\Permissions.md = ..\Permissions.md
		..\docs\Permissions.md = ..\docs\Permissions.md
		..\README.md = ..\README.md
		..\docs\Vibration.md = ..\docs\Vibration.md
	EndProjectSection
EndProject
Global
	GlobalSection(SolutionConfigurationPlatforms) = preSolution
		Debug|Any CPU = Debug|Any CPU
		Release|Any CPU = Release|Any CPU
	EndGlobalSection
	GlobalSection(ProjectConfigurationPlatforms) = postSolution
		{E8552A9A-B249-4E97-BB75-C37CA6FEC764}.Debug|Any CPU.ActiveCfg = Debug|Any CPU
		{E8552A9A-B249-4E97-BB75-C37CA6FEC764}.Debug|Any CPU.Build.0 = Debug|Any CPU
		{E8552A9A-B249-4E97-BB75-C37CA6FEC764}.Release|Any CPU.ActiveCfg = Release|Any CPU
		{E8552A9A-B249-4E97-BB75-C37CA6FEC764}.Release|Any CPU.Build.0 = Release|Any CPU
		{54E82D5D-F5D7-4F40-9223-B58C0272A121}.Debug|Any CPU.ActiveCfg = Debug|Any CPU
		{54E82D5D-F5D7-4F40-9223-B58C0272A121}.Debug|Any CPU.Build.0 = Debug|Any CPU
		{54E82D5D-F5D7-4F40-9223-B58C0272A121}.Debug|Any CPU.Deploy.0 = Debug|Any CPU
		{54E82D5D-F5D7-4F40-9223-B58C0272A121}.Release|Any CPU.ActiveCfg = Release|Any CPU
		{54E82D5D-F5D7-4F40-9223-B58C0272A121}.Release|Any CPU.Build.0 = Release|Any CPU
		{54E82D5D-F5D7-4F40-9223-B58C0272A121}.Release|Any CPU.Deploy.0 = Release|Any CPU
	EndGlobalSection
	GlobalSection(SolutionProperties) = preSolution
		HideSolutionNode = FALSE
	EndGlobalSection
	GlobalSection(ExtensibilityGlobals) = postSolution
		SolutionGuid = {9B4706DD-1A5B-44D2-837C-67431AAA4D07}
	EndGlobalSection
EndGlobal
